{
  "version": 4,
  "terraform_version": "1.6.2",
  "serial": 101,
  "lineage": "4ec4d227-d7b4-1021-1e1b-353a2970ecf3",
  "outputs": {},
  "resources": [
    {
      "mode": "data",
      "type": "archive_file",
      "name": "zip",
      "provider": "provider[\"registry.terraform.io/hashicorp/archive\"]",
      "instances": [
        {
          "schema_version": 0,
          "attributes": {
            "exclude_symlink_directories": null,
            "excludes": null,
            "id": "3692d2327d9b5a42bfe109f648b6df87cd4d5c6c",
            "output_base64sha256": "WLzs6BnYaz0lfyfKfn6J4tRnQ+xdSlD5s9tkk7P/CNo=",
            "output_base64sha512": "QH+6P78Z+9x3wXehEb7ZcnxpkUnGfan/DLe7CUIobjwT/oAInM6uc+UFswZ2gVcsukspyVdMEE0M0r4TQS4QmQ==",
            "output_file_mode": null,
            "output_md5": "f45d8e8875301c16299944590047b401",
            "output_path": "./lambda/get_movie.zip",
            "output_sha": "3692d2327d9b5a42bfe109f648b6df87cd4d5c6c",
            "output_sha256": "58bcece819d86b3d257f27ca7e7e89e2d46743ec5d4a50f9b3db6493b3ff08da",
            "output_sha512": "407fba3fbf19fbdc77c177a111bed9727c699149c67da9ff0cb7bb0942286e3c13fe80089cceae73e505b3067681572cba4b29c9574c104d0cd2be13412e1099",
            "output_size": 1063,
            "source": [],
            "source_content": null,
            "source_content_filename": null,
            "source_dir": "./lambda",
            "source_file": null,
            "type": "zip"
          },
          "sensitive_attributes": []
        }
      ]
    },
    {
      "mode": "managed",
      "type": "aws_dynamodb_table",
      "name": "example",
      "provider": "provider[\"registry.terraform.io/hashicorp/aws\"]",
      "instances": [
        {
          "schema_version": 1,
          "attributes": {
            "arn": "arn:aws:dynamodb:us-east-1:979490057625:table/hamzaciDynamoDB",
            "attribute": [
              {
                "name": "Name",
                "type": "S"
              },
              {
                "name": "UserId",
                "type": "S"
              }
            ],
            "billing_mode": "PROVISIONED",
            "deletion_protection_enabled": false,
            "global_secondary_index": [
              {
                "hash_key": "UserId",
                "name": "UserTitleIndex",
                "non_key_attributes": [
                  "UserId"
                ],
                "projection_type": "INCLUDE",
                "range_key": "Name",
                "read_capacity": 10,
                "write_capacity": 10
              }
            ],
            "hash_key": "UserId",
            "id": "hamzaciDynamoDB",
            "import_table": [],
            "local_secondary_index": [],
            "name": "hamzaciDynamoDB",
            "point_in_time_recovery": [
              {
                "enabled": false
              }
            ],
            "range_key": "Name",
            "read_capacity": 5,
            "replica": [],
            "restore_date_time": null,
            "restore_source_name": null,
            "restore_to_latest_time": null,
            "server_side_encryption": [],
            "stream_arn": "arn:aws:dynamodb:us-east-1:979490057625:table/hamzaciDynamoDB/stream/2023-12-27T12:58:15.133",
            "stream_enabled": true,
            "stream_label": "2023-12-27T12:58:15.133",
            "stream_view_type": "NEW_AND_OLD_IMAGES",
            "table_class": "STANDARD",
            "tags": {
              "Environment": "Training",
              "Name": "hamzaci"
            },
            "tags_all": {
              "Environment": "Training",
              "Name": "hamzaci"
            },
            "timeouts": null,
            "ttl": [
              {
                "attribute_name": "",
                "enabled": false
              }
            ],
            "write_capacity": 5
          },
          "sensitive_attributes": [],
          "private": "eyJlMmJmYjczMC1lY2FhLTExZTYtOGY4OC0zNDM2M2JjN2M0YzAiOnsiY3JlYXRlIjoxODAwMDAwMDAwMDAwLCJkZWxldGUiOjYwMDAwMDAwMDAwMCwidXBkYXRlIjozNjAwMDAwMDAwMDAwfSwic2NoZW1hX3ZlcnNpb24iOiIxIn0="
        }
      ]
    },
    {
      "mode": "managed",
      "type": "aws_iam_role",
      "name": "lambda_role",
      "provider": "provider[\"registry.terraform.io/hashicorp/aws\"]",
      "instances": [
        {
          "schema_version": 0,
          "attributes": {
            "arn": "arn:aws:iam::979490057625:role/hamzalambda_dynamodb_role",
            "assume_role_policy": "{\"Statement\":[{\"Action\":\"sts:AssumeRole\",\"Effect\":\"Allow\",\"Principal\":{\"Service\":\"lambda.amazonaws.com\"},\"Sid\":\"\"}],\"Version\":\"2012-10-17\"}",
            "create_date": "2023-12-27T12:58:15Z",
            "description": "",
            "force_detach_policies": false,
            "id": "hamzalambda_dynamodb_role",
            "inline_policy": [],
            "managed_policy_arns": [],
            "max_session_duration": 3600,
            "name": "hamzalambda_dynamodb_role",
            "name_prefix": "",
            "path": "/",
            "permissions_boundary": "",
            "tags": null,
            "tags_all": {},
            "unique_id": "AROA6IDRIFWMSYOCOU7YW"
          },
          "sensitive_attributes": [],
          "private": "bnVsbA=="
        }
      ]
    },
    {
      "mode": "managed",
      "type": "aws_iam_role_policy_attachment",
      "name": "dynamodb_attach",
      "provider": "provider[\"registry.terraform.io/hashicorp/aws\"]",
      "instances": [
        {
          "schema_version": 0,
          "attributes": {
            "id": "hamzalambda_dynamodb_role-20231227125816132000000001",
            "policy_arn": "arn:aws:iam::aws:policy/AmazonDynamoDBFullAccess",
            "role": "hamzalambda_dynamodb_role"
          },
          "sensitive_attributes": [],
          "private": "bnVsbA==",
          "dependencies": [
            "aws_iam_role.lambda_role"
          ]
        }
      ]
    },
    {
      "mode": "managed",
      "type": "aws_lambda_function",
      "name": "get_movie",
      "provider": "provider[\"registry.terraform.io/hashicorp/aws\"]",
      "instances": [
        {
          "schema_version": 0,
          "attributes": {
            "architectures": [
              "x86_64"
            ],
            "arn": "arn:aws:lambda:us-east-1:979490057625:function:getMovie",
            "code_signing_config_arn": "",
            "dead_letter_config": [],
            "description": "",
            "environment": [
              {
                "variables": {
                  "TABLE_NAME": "hamzaciDynamoDB"
                }
              }
            ],
            "ephemeral_storage": [
              {
                "size": 512
              }
            ],
            "file_system_config": [],
            "filename": "./lambda/get_movie.zip",
            "function_name": "getMovie",
            "handler": "get_movie.lambda_handler",
            "id": "getMovie",
            "image_config": [],
            "image_uri": "",
            "invoke_arn": "arn:aws:apigateway:us-east-1:lambda:path/2015-03-31/functions/arn:aws:lambda:us-east-1:979490057625:function:getMovie/invocations",
            "kms_key_arn": "",
            "last_modified": "2023-12-27T12:58:32.922+0000",
            "layers": null,
            "memory_size": 128,
            "package_type": "Zip",
            "publish": false,
            "qualified_arn": "arn:aws:lambda:us-east-1:979490057625:function:getMovie:$LATEST",
            "qualified_invoke_arn": "arn:aws:apigateway:us-east-1:lambda:path/2015-03-31/functions/arn:aws:lambda:us-east-1:979490057625:function:getMovie:$LATEST/invocations",
            "replace_security_groups_on_destroy": null,
            "replacement_security_group_ids": null,
            "reserved_concurrent_executions": -1,
            "role": "arn:aws:iam::979490057625:role/hamzalambda_dynamodb_role",
            "runtime": "python3.8",
            "s3_bucket": null,
            "s3_key": null,
            "s3_object_version": null,
            "signing_job_arn": "",
            "signing_profile_version_arn": "",
            "skip_destroy": false,
            "snap_start": [],
            "source_code_hash": "WLzs6BnYaz0lfyfKfn6J4tRnQ+xdSlD5s9tkk7P/CNo=",
            "source_code_size": 1063,
            "tags": null,
            "tags_all": {},
            "timeout": 3,
            "timeouts": null,
            "tracing_config": [
              {
                "mode": "PassThrough"
              }
            ],
            "version": "$LATEST",
            "vpc_config": []
          },
          "sensitive_attributes": [],
          "private": "eyJlMmJmYjczMC1lY2FhLTExZTYtOGY4OC0zNDM2M2JjN2M0YzAiOnsiY3JlYXRlIjo2MDAwMDAwMDAwMDAsImRlbGV0ZSI6NjAwMDAwMDAwMDAwLCJ1cGRhdGUiOjYwMDAwMDAwMDAwMH19",
          "dependencies": [
            "aws_dynamodb_table.example",
            "aws_iam_role.lambda_role",
            "data.archive_file.zip"
          ]
        }
      ]
    }
  ],
  "check_results": null
}
